// !$*UTF8*$!
{
	archiveVersion = 1;
	classes = {
	};
	objectVersion = 51;
	objects = {

/* Begin PBXBuildFile section */
		54DC5A9A745CCB208BCCAF82 /* Pods_Mongle.framework in Frameworks */ = {isa = PBXBuildFile; fileRef = 0E307DC40215BE008F7EB0E1 /* Pods_Mongle.framework */; };
		7F1E719524B4476E00D79516 /* MainTodaySentenceCVC.swift in Sources */ = {isa = PBXBuildFile; fileRef = 7F1E719424B4476E00D79516 /* MainTodaySentenceCVC.swift */; };
		7F1E719724B4553F00D79516 /* MainTabThirdTVC.swift in Sources */ = {isa = PBXBuildFile; fileRef = 7F1E719624B4553F00D79516 /* MainTabThirdTVC.swift */; };
		7F1E719924B45AB600D79516 /* MainPopularCuratorCVC.swift in Sources */ = {isa = PBXBuildFile; fileRef = 7F1E719824B45AB600D79516 /* MainPopularCuratorCVC.swift */; };
		7F1E719B24B463A400D79516 /* MainTabFourthTVC.swift in Sources */ = {isa = PBXBuildFile; fileRef = 7F1E719A24B463A400D79516 /* MainTabFourthTVC.swift */; };
		7F1E719D24B46E3C00D79516 /* MainPopularThemaCVC.swift in Sources */ = {isa = PBXBuildFile; fileRef = 7F1E719C24B46E3C00D79516 /* MainPopularThemaCVC.swift */; };
		7F1E71A024B476C900D79516 /* MainMongleHeaderView.swift in Sources */ = {isa = PBXBuildFile; fileRef = 7F1E719F24B476C900D79516 /* MainMongleHeaderView.swift */; };
		7F1E71A224B4A40B00D79516 /* MainTabDefaultHeaderView.swift in Sources */ = {isa = PBXBuildFile; fileRef = 7F1E71A124B4A40B00D79516 /* MainTabDefaultHeaderView.swift */; };
		7F1E71A424B504CF00D79516 /* MainTabMain.storyboard in Resources */ = {isa = PBXBuildFile; fileRef = 7F1E71A324B504CE00D79516 /* MainTabMain.storyboard */; };
		7F1E71A824B7A72400D79516 /* ThemeInfo.storyboard in Resources */ = {isa = PBXBuildFile; fileRef = 7F1E71A724B7A72400D79516 /* ThemeInfo.storyboard */; };
		7F1E71AA24B7BADB00D79516 /* ThemeInfoVC.swift in Sources */ = {isa = PBXBuildFile; fileRef = 7F1E71A924B7BADB00D79516 /* ThemeInfoVC.swift */; };
		7F1E71AC24B7BC6900D79516 /* SentenceInThemeTVC.swift in Sources */ = {isa = PBXBuildFile; fileRef = 7F1E71AB24B7BC6900D79516 /* SentenceInThemeTVC.swift */; };
		7F6ABEB224ADE7700040746E /* AppDelegate.swift in Sources */ = {isa = PBXBuildFile; fileRef = 7F6ABEB124ADE7700040746E /* AppDelegate.swift */; };
		7F6ABEB424ADE7700040746E /* SceneDelegate.swift in Sources */ = {isa = PBXBuildFile; fileRef = 7F6ABEB324ADE7700040746E /* SceneDelegate.swift */; };
		7F6ABEBB24ADE7720040746E /* Assets.xcassets in Resources */ = {isa = PBXBuildFile; fileRef = 7F6ABEBA24ADE7720040746E /* Assets.xcassets */; };
		7F6ABEBE24ADE7720040746E /* LaunchScreen.storyboard in Resources */ = {isa = PBXBuildFile; fileRef = 7F6ABEBC24ADE7720040746E /* LaunchScreen.storyboard */; };
		7F6ABECF24ADE8F80040746E /* UIColor+Extensions.swift in Sources */ = {isa = PBXBuildFile; fileRef = 7F6ABECE24ADE8F80040746E /* UIColor+Extensions.swift */; };
		7F6ABED124ADE9860040746E /* UIView+Extensions.swift in Sources */ = {isa = PBXBuildFile; fileRef = 7F6ABED024ADE9860040746E /* UIView+Extensions.swift */; };
		7F6ABED324ADE9D60040746E /* UIViewController+Extensions.swift in Sources */ = {isa = PBXBuildFile; fileRef = 7F6ABED224ADE9D60040746E /* UIViewController+Extensions.swift */; };
		7F6ABED524ADE9FC0040746E /* UIImageView+Extensions.swift in Sources */ = {isa = PBXBuildFile; fileRef = 7F6ABED424ADE9FC0040746E /* UIImageView+Extensions.swift */; };
		7F6ABED724ADEB730040746E /* UserDefaultKeys.swift in Sources */ = {isa = PBXBuildFile; fileRef = 7F6ABED624ADEB730040746E /* UserDefaultKeys.swift */; };
		7F6ABED924ADEC9E0040746E /* APIConstants.swift in Sources */ = {isa = PBXBuildFile; fileRef = 7F6ABED824ADEC9E0040746E /* APIConstants.swift */; };
		7F6ABEDB24ADED910040746E /* GenericResponse.swift in Sources */ = {isa = PBXBuildFile; fileRef = 7F6ABEDA24ADED910040746E /* GenericResponse.swift */; };
		7F6ABEDD24ADF3B20040746E /* NetworkResult.swift in Sources */ = {isa = PBXBuildFile; fileRef = 7F6ABEDC24ADF3B20040746E /* NetworkResult.swift */; };
		7F767D7724B211D100ADF46D /* WritingThemeVC.swift in Sources */ = {isa = PBXBuildFile; fileRef = 7F767D7624B211D100ADF46D /* WritingThemeVC.swift */; };
		7F7C096D24B9C776007C7C52 /* SentenceInfo.storyboard in Resources */ = {isa = PBXBuildFile; fileRef = 7F7C096C24B9C776007C7C52 /* SentenceInfo.storyboard */; };
		7F7C096F24BA2910007C7C52 /* SentenceInfoVC.swift in Sources */ = {isa = PBXBuildFile; fileRef = 7F7C096E24BA2910007C7C52 /* SentenceInfoVC.swift */; };
		7F7C097124BA2EE7007C7C52 /* SentenceInfoTVC.swift in Sources */ = {isa = PBXBuildFile; fileRef = 7F7C097024BA2EE7007C7C52 /* SentenceInfoTVC.swift */; };
		7F7C097324BAF714007C7C52 /* SentenceEdit.storyboard in Resources */ = {isa = PBXBuildFile; fileRef = 7F7C097224BAF714007C7C52 /* SentenceEdit.storyboard */; };
		7F7C097524BAFAAE007C7C52 /* SentenceEditVC.swift in Sources */ = {isa = PBXBuildFile; fileRef = 7F7C097424BAFAAE007C7C52 /* SentenceEditVC.swift */; };
		7FCEE21924B3078E00225CA3 /* MainTabMainVC.swift in Sources */ = {isa = PBXBuildFile; fileRef = 7FCEE21824B3078E00225CA3 /* MainTabMainVC.swift */; };
		7FCEE21B24B3091C00225CA3 /* MainTabFirstTVC.swift in Sources */ = {isa = PBXBuildFile; fileRef = 7FCEE21A24B3091C00225CA3 /* MainTabFirstTVC.swift */; };
		7FCEE21D24B355FC00225CA3 /* MainPictureCVC.swift in Sources */ = {isa = PBXBuildFile; fileRef = 7FCEE21C24B355FC00225CA3 /* MainPictureCVC.swift */; };
		7FCEE21F24B363CF00225CA3 /* MainTabSecondTVC.swift in Sources */ = {isa = PBXBuildFile; fileRef = 7FCEE21E24B363CF00225CA3 /* MainTabSecondTVC.swift */; };
		B86D4C4224B2C14200C21906 /* RecommendSearchCVC.swift in Sources */ = {isa = PBXBuildFile; fileRef = B86D4C4124B2C14200C21906 /* RecommendSearchCVC.swift */; };
		B8AB121924B46C7400B60240 /* CuratorList.storyboard in Resources */ = {isa = PBXBuildFile; fileRef = B8AB121824B46C7400B60240 /* CuratorList.storyboard */; };
		B8AB121B24B46CC100B60240 /* CuratorListVC.swift in Sources */ = {isa = PBXBuildFile; fileRef = B8AB121A24B46CC100B60240 /* CuratorListVC.swift */; };
		B8AB121F24B475A100B60240 /* CuratorListCVC.swift in Sources */ = {isa = PBXBuildFile; fileRef = B8AB121E24B475A100B60240 /* CuratorListCVC.swift */; };
		B8F4DDEA24AF22190075FDC1 /* SearchTabMain.storyboard in Resources */ = {isa = PBXBuildFile; fileRef = B8F4DDE924AF22190075FDC1 /* SearchTabMain.storyboard */; };
		B8F4DDF624B20FD00075FDC1 /* SearchTabMainVC.swift in Sources */ = {isa = PBXBuildFile; fileRef = B8F4DDF524B20FD00075FDC1 /* SearchTabMainVC.swift */; };
		B8F4DDF824B210000075FDC1 /* RecentSearchCVC.swift in Sources */ = {isa = PBXBuildFile; fileRef = B8F4DDF724B210000075FDC1 /* RecentSearchCVC.swift */; };
		EC7410B424BA03E800CBAF1C /* EndOfWritingSentence.storyboard in Resources */ = {isa = PBXBuildFile; fileRef = EC7410B324BA03E800CBAF1C /* EndOfWritingSentence.storyboard */; };
		EC7410B624BA040300CBAF1C /* EndOfWritingSentenceVC.swift in Sources */ = {isa = PBXBuildFile; fileRef = EC7410B524BA040300CBAF1C /* EndOfWritingSentenceVC.swift */; };
		EC7C78EE24B2F2A800B7FCFB /* UnderTab.storyboard in Resources */ = {isa = PBXBuildFile; fileRef = EC7C78ED24B2F2A800B7FCFB /* UnderTab.storyboard */; };
		EC7C78F024B2F2DE00B7FCFB /* UnderTabBarController.swift in Sources */ = {isa = PBXBuildFile; fileRef = EC7C78EF24B2F2DE00B7FCFB /* UnderTabBarController.swift */; };
		EC86B49624B7169200DB930A /* SearchBookForWriting.storyboard in Resources */ = {isa = PBXBuildFile; fileRef = EC86B49524B7169200DB930A /* SearchBookForWriting.storyboard */; };
		EC86B49824B716BB00DB930A /* SearchBookForWritingVC.swift in Sources */ = {isa = PBXBuildFile; fileRef = EC86B49724B716BB00DB930A /* SearchBookForWritingVC.swift */; };
		EC86B49A24B7646600DB930A /* UITextField+Extensions.swift in Sources */ = {isa = PBXBuildFile; fileRef = EC86B49924B7646600DB930A /* UITextField+Extensions.swift */; };
		EC88960424B83D4D008D29E2 /* SearchedBookTVC.swift in Sources */ = {isa = PBXBuildFile; fileRef = EC88960324B83D4D008D29E2 /* SearchedBookTVC.swift */; };
		EC88960624B869E9008D29E2 /* WritingSentenceThird.storyboard in Resources */ = {isa = PBXBuildFile; fileRef = EC88960524B869E9008D29E2 /* WritingSentenceThird.storyboard */; };
		EC88960A24B86AE8008D29E2 /* ThirdViewOfWritingSentenceVC.swift in Sources */ = {isa = PBXBuildFile; fileRef = EC88960924B86AE8008D29E2 /* ThirdViewOfWritingSentenceVC.swift */; };
		EC88960C24B87F3D008D29E2 /* ThemeSelectForWriteSentence.storyboard in Resources */ = {isa = PBXBuildFile; fileRef = EC88960B24B87F3D008D29E2 /* ThemeSelectForWriteSentence.storyboard */; };
		EC88960E24B87F66008D29E2 /* ThemeSelectForWritingSentenceVC.swift in Sources */ = {isa = PBXBuildFile; fileRef = EC88960D24B87F66008D29E2 /* ThemeSelectForWritingSentenceVC.swift */; };
		EC88961224B88AE4008D29E2 /* ThemeSelectForSentenceCVC.swift in Sources */ = {isa = PBXBuildFile; fileRef = EC88961124B88AE4008D29E2 /* ThemeSelectForSentenceCVC.swift */; };
		EC8E323324AF1B1A001AB034 /* Writing_Theme.storyboard in Resources */ = {isa = PBXBuildFile; fileRef = EC8E323224AF1B1A001AB034 /* Writing_Theme.storyboard */; };
		ECA23EDE24B5F58D00C100F1 /* WritingSentenceSecond.storyboard in Resources */ = {isa = PBXBuildFile; fileRef = ECA23EDD24B5F58D00C100F1 /* WritingSentenceSecond.storyboard */; };
		ECA23EE024B5F5F100C100F1 /* WritingSentenceSecondVC.swift in Sources */ = {isa = PBXBuildFile; fileRef = ECA23EDF24B5F5F100C100F1 /* WritingSentenceSecondVC.swift */; };
		ECEF22BA24B4A3B200933534 /* WritingSentence.storyboard in Resources */ = {isa = PBXBuildFile; fileRef = ECEF22B924B4A3B200933534 /* WritingSentence.storyboard */; };
		ECEF22BC24B4A3DF00933534 /* WritingSentenceVC.swift in Sources */ = {isa = PBXBuildFile; fileRef = ECEF22BB24B4A3DF00933534 /* WritingSentenceVC.swift */; };
/* End PBXBuildFile section */

/* Begin PBXFileReference section */
		0E307DC40215BE008F7EB0E1 /* Pods_Mongle.framework */ = {isa = PBXFileReference; explicitFileType = wrapper.framework; includeInIndex = 0; path = Pods_Mongle.framework; sourceTree = BUILT_PRODUCTS_DIR; };
		7F1E719424B4476E00D79516 /* MainTodaySentenceCVC.swift */ = {isa = PBXFileReference; lastKnownFileType = sourcecode.swift; path = MainTodaySentenceCVC.swift; sourceTree = "<group>"; };
		7F1E719624B4553F00D79516 /* MainTabThirdTVC.swift */ = {isa = PBXFileReference; lastKnownFileType = sourcecode.swift; path = MainTabThirdTVC.swift; sourceTree = "<group>"; };
		7F1E719824B45AB600D79516 /* MainPopularCuratorCVC.swift */ = {isa = PBXFileReference; lastKnownFileType = sourcecode.swift; path = MainPopularCuratorCVC.swift; sourceTree = "<group>"; };
		7F1E719A24B463A400D79516 /* MainTabFourthTVC.swift */ = {isa = PBXFileReference; lastKnownFileType = sourcecode.swift; path = MainTabFourthTVC.swift; sourceTree = "<group>"; };
		7F1E719C24B46E3C00D79516 /* MainPopularThemaCVC.swift */ = {isa = PBXFileReference; lastKnownFileType = sourcecode.swift; path = MainPopularThemaCVC.swift; sourceTree = "<group>"; };
		7F1E719F24B476C900D79516 /* MainMongleHeaderView.swift */ = {isa = PBXFileReference; lastKnownFileType = sourcecode.swift; path = MainMongleHeaderView.swift; sourceTree = "<group>"; };
		7F1E71A124B4A40B00D79516 /* MainTabDefaultHeaderView.swift */ = {isa = PBXFileReference; lastKnownFileType = sourcecode.swift; path = MainTabDefaultHeaderView.swift; sourceTree = "<group>"; };
		7F1E71A324B504CE00D79516 /* MainTabMain.storyboard */ = {isa = PBXFileReference; fileEncoding = 4; lastKnownFileType = file.storyboard; path = MainTabMain.storyboard; sourceTree = "<group>"; };
		7F1E71A724B7A72400D79516 /* ThemeInfo.storyboard */ = {isa = PBXFileReference; lastKnownFileType = file.storyboard; path = ThemeInfo.storyboard; sourceTree = "<group>"; };
		7F1E71A924B7BADB00D79516 /* ThemeInfoVC.swift */ = {isa = PBXFileReference; lastKnownFileType = sourcecode.swift; path = ThemeInfoVC.swift; sourceTree = "<group>"; };
		7F1E71AB24B7BC6900D79516 /* SentenceInThemeTVC.swift */ = {isa = PBXFileReference; lastKnownFileType = sourcecode.swift; path = SentenceInThemeTVC.swift; sourceTree = "<group>"; };
		7F27ED38D43F3B60FE12A5BC /* Pods-Mongle.release.xcconfig */ = {isa = PBXFileReference; includeInIndex = 1; lastKnownFileType = text.xcconfig; name = "Pods-Mongle.release.xcconfig"; path = "Target Support Files/Pods-Mongle/Pods-Mongle.release.xcconfig"; sourceTree = "<group>"; };
		7F6ABEAE24ADE7700040746E /* Mongle.app */ = {isa = PBXFileReference; explicitFileType = wrapper.application; includeInIndex = 0; path = Mongle.app; sourceTree = BUILT_PRODUCTS_DIR; };
		7F6ABEB124ADE7700040746E /* AppDelegate.swift */ = {isa = PBXFileReference; lastKnownFileType = sourcecode.swift; path = AppDelegate.swift; sourceTree = "<group>"; };
		7F6ABEB324ADE7700040746E /* SceneDelegate.swift */ = {isa = PBXFileReference; lastKnownFileType = sourcecode.swift; path = SceneDelegate.swift; sourceTree = "<group>"; };
		7F6ABEBA24ADE7720040746E /* Assets.xcassets */ = {isa = PBXFileReference; lastKnownFileType = folder.assetcatalog; path = Assets.xcassets; sourceTree = "<group>"; };
		7F6ABEBD24ADE7720040746E /* Base */ = {isa = PBXFileReference; lastKnownFileType = file.storyboard; name = Base; path = Base.lproj/LaunchScreen.storyboard; sourceTree = "<group>"; };
		7F6ABEBF24ADE7720040746E /* Info.plist */ = {isa = PBXFileReference; lastKnownFileType = text.plist.xml; path = Info.plist; sourceTree = "<group>"; };
		7F6ABECE24ADE8F80040746E /* UIColor+Extensions.swift */ = {isa = PBXFileReference; lastKnownFileType = sourcecode.swift; path = "UIColor+Extensions.swift"; sourceTree = "<group>"; };
		7F6ABED024ADE9860040746E /* UIView+Extensions.swift */ = {isa = PBXFileReference; lastKnownFileType = sourcecode.swift; path = "UIView+Extensions.swift"; sourceTree = "<group>"; };
		7F6ABED224ADE9D60040746E /* UIViewController+Extensions.swift */ = {isa = PBXFileReference; lastKnownFileType = sourcecode.swift; path = "UIViewController+Extensions.swift"; sourceTree = "<group>"; };
		7F6ABED424ADE9FC0040746E /* UIImageView+Extensions.swift */ = {isa = PBXFileReference; lastKnownFileType = sourcecode.swift; path = "UIImageView+Extensions.swift"; sourceTree = "<group>"; };
		7F6ABED624ADEB730040746E /* UserDefaultKeys.swift */ = {isa = PBXFileReference; lastKnownFileType = sourcecode.swift; path = UserDefaultKeys.swift; sourceTree = "<group>"; };
		7F6ABED824ADEC9E0040746E /* APIConstants.swift */ = {isa = PBXFileReference; lastKnownFileType = sourcecode.swift; path = APIConstants.swift; sourceTree = "<group>"; };
		7F6ABEDA24ADED910040746E /* GenericResponse.swift */ = {isa = PBXFileReference; lastKnownFileType = sourcecode.swift; path = GenericResponse.swift; sourceTree = "<group>"; };
		7F6ABEDC24ADF3B20040746E /* NetworkResult.swift */ = {isa = PBXFileReference; lastKnownFileType = sourcecode.swift; path = NetworkResult.swift; sourceTree = "<group>"; };
		7F767D7624B211D100ADF46D /* WritingThemeVC.swift */ = {isa = PBXFileReference; fileEncoding = 4; lastKnownFileType = sourcecode.swift; path = WritingThemeVC.swift; sourceTree = "<group>"; };
		7F7C096C24B9C776007C7C52 /* SentenceInfo.storyboard */ = {isa = PBXFileReference; lastKnownFileType = file.storyboard; path = SentenceInfo.storyboard; sourceTree = "<group>"; };
		7F7C096E24BA2910007C7C52 /* SentenceInfoVC.swift */ = {isa = PBXFileReference; lastKnownFileType = sourcecode.swift; path = SentenceInfoVC.swift; sourceTree = "<group>"; };
		7F7C097024BA2EE7007C7C52 /* SentenceInfoTVC.swift */ = {isa = PBXFileReference; lastKnownFileType = sourcecode.swift; path = SentenceInfoTVC.swift; sourceTree = "<group>"; };
		7F7C097224BAF714007C7C52 /* SentenceEdit.storyboard */ = {isa = PBXFileReference; lastKnownFileType = file.storyboard; path = SentenceEdit.storyboard; sourceTree = "<group>"; };
		7F7C097424BAFAAE007C7C52 /* SentenceEditVC.swift */ = {isa = PBXFileReference; lastKnownFileType = sourcecode.swift; path = SentenceEditVC.swift; sourceTree = "<group>"; };
		7FCEE21824B3078E00225CA3 /* MainTabMainVC.swift */ = {isa = PBXFileReference; lastKnownFileType = sourcecode.swift; path = MainTabMainVC.swift; sourceTree = "<group>"; };
		7FCEE21A24B3091C00225CA3 /* MainTabFirstTVC.swift */ = {isa = PBXFileReference; lastKnownFileType = sourcecode.swift; path = MainTabFirstTVC.swift; sourceTree = "<group>"; };
		7FCEE21C24B355FC00225CA3 /* MainPictureCVC.swift */ = {isa = PBXFileReference; lastKnownFileType = sourcecode.swift; path = MainPictureCVC.swift; sourceTree = "<group>"; };
		7FCEE21E24B363CF00225CA3 /* MainTabSecondTVC.swift */ = {isa = PBXFileReference; lastKnownFileType = sourcecode.swift; path = MainTabSecondTVC.swift; sourceTree = "<group>"; };
		B86D4C4124B2C14200C21906 /* RecommendSearchCVC.swift */ = {isa = PBXFileReference; lastKnownFileType = sourcecode.swift; path = RecommendSearchCVC.swift; sourceTree = "<group>"; };
		B8AB121824B46C7400B60240 /* CuratorList.storyboard */ = {isa = PBXFileReference; lastKnownFileType = file.storyboard; path = CuratorList.storyboard; sourceTree = "<group>"; };
		B8AB121A24B46CC100B60240 /* CuratorListVC.swift */ = {isa = PBXFileReference; lastKnownFileType = sourcecode.swift; path = CuratorListVC.swift; sourceTree = "<group>"; };
		B8AB121E24B475A100B60240 /* CuratorListCVC.swift */ = {isa = PBXFileReference; lastKnownFileType = sourcecode.swift; path = CuratorListCVC.swift; sourceTree = "<group>"; };
		B8F4DDE924AF22190075FDC1 /* SearchTabMain.storyboard */ = {isa = PBXFileReference; lastKnownFileType = file.storyboard; path = SearchTabMain.storyboard; sourceTree = "<group>"; };
		B8F4DDF524B20FD00075FDC1 /* SearchTabMainVC.swift */ = {isa = PBXFileReference; fileEncoding = 4; lastKnownFileType = sourcecode.swift; path = SearchTabMainVC.swift; sourceTree = "<group>"; };
		B8F4DDF724B210000075FDC1 /* RecentSearchCVC.swift */ = {isa = PBXFileReference; fileEncoding = 4; lastKnownFileType = sourcecode.swift; path = RecentSearchCVC.swift; sourceTree = "<group>"; };
		D8DC844C59312BAF341597F1 /* Pods-Mongle.debug.xcconfig */ = {isa = PBXFileReference; includeInIndex = 1; lastKnownFileType = text.xcconfig; name = "Pods-Mongle.debug.xcconfig"; path = "Target Support Files/Pods-Mongle/Pods-Mongle.debug.xcconfig"; sourceTree = "<group>"; };
		EC7410B324BA03E800CBAF1C /* EndOfWritingSentence.storyboard */ = {isa = PBXFileReference; lastKnownFileType = file.storyboard; path = EndOfWritingSentence.storyboard; sourceTree = "<group>"; };
		EC7410B524BA040300CBAF1C /* EndOfWritingSentenceVC.swift */ = {isa = PBXFileReference; lastKnownFileType = sourcecode.swift; path = EndOfWritingSentenceVC.swift; sourceTree = "<group>"; };
		EC7C78ED24B2F2A800B7FCFB /* UnderTab.storyboard */ = {isa = PBXFileReference; lastKnownFileType = file.storyboard; path = UnderTab.storyboard; sourceTree = "<group>"; };
		EC7C78EF24B2F2DE00B7FCFB /* UnderTabBarController.swift */ = {isa = PBXFileReference; lastKnownFileType = sourcecode.swift; path = UnderTabBarController.swift; sourceTree = "<group>"; };
		EC86B49524B7169200DB930A /* SearchBookForWriting.storyboard */ = {isa = PBXFileReference; lastKnownFileType = file.storyboard; path = SearchBookForWriting.storyboard; sourceTree = "<group>"; };
		EC86B49724B716BB00DB930A /* SearchBookForWritingVC.swift */ = {isa = PBXFileReference; lastKnownFileType = sourcecode.swift; path = SearchBookForWritingVC.swift; sourceTree = "<group>"; };
		EC86B49924B7646600DB930A /* UITextField+Extensions.swift */ = {isa = PBXFileReference; lastKnownFileType = sourcecode.swift; path = "UITextField+Extensions.swift"; sourceTree = "<group>"; };
		EC88960324B83D4D008D29E2 /* SearchedBookTVC.swift */ = {isa = PBXFileReference; lastKnownFileType = sourcecode.swift; path = SearchedBookTVC.swift; sourceTree = "<group>"; };
		EC88960524B869E9008D29E2 /* WritingSentenceThird.storyboard */ = {isa = PBXFileReference; lastKnownFileType = file.storyboard; path = WritingSentenceThird.storyboard; sourceTree = "<group>"; };
		EC88960924B86AE8008D29E2 /* ThirdViewOfWritingSentenceVC.swift */ = {isa = PBXFileReference; lastKnownFileType = sourcecode.swift; path = ThirdViewOfWritingSentenceVC.swift; sourceTree = "<group>"; };
		EC88960B24B87F3D008D29E2 /* ThemeSelectForWriteSentence.storyboard */ = {isa = PBXFileReference; lastKnownFileType = file.storyboard; path = ThemeSelectForWriteSentence.storyboard; sourceTree = "<group>"; };
		EC88960D24B87F66008D29E2 /* ThemeSelectForWritingSentenceVC.swift */ = {isa = PBXFileReference; lastKnownFileType = sourcecode.swift; path = ThemeSelectForWritingSentenceVC.swift; sourceTree = "<group>"; };
		EC88961124B88AE4008D29E2 /* ThemeSelectForSentenceCVC.swift */ = {isa = PBXFileReference; lastKnownFileType = sourcecode.swift; path = ThemeSelectForSentenceCVC.swift; sourceTree = "<group>"; };
		EC8E323224AF1B1A001AB034 /* Writing_Theme.storyboard */ = {isa = PBXFileReference; lastKnownFileType = file.storyboard; path = Writing_Theme.storyboard; sourceTree = "<group>"; };
		ECA23EDD24B5F58D00C100F1 /* WritingSentenceSecond.storyboard */ = {isa = PBXFileReference; lastKnownFileType = file.storyboard; path = WritingSentenceSecond.storyboard; sourceTree = "<group>"; };
		ECA23EDF24B5F5F100C100F1 /* WritingSentenceSecondVC.swift */ = {isa = PBXFileReference; lastKnownFileType = sourcecode.swift; path = WritingSentenceSecondVC.swift; sourceTree = "<group>"; };
		ECEF22B924B4A3B200933534 /* WritingSentence.storyboard */ = {isa = PBXFileReference; lastKnownFileType = file.storyboard; path = WritingSentence.storyboard; sourceTree = "<group>"; };
		ECEF22BB24B4A3DF00933534 /* WritingSentenceVC.swift */ = {isa = PBXFileReference; lastKnownFileType = sourcecode.swift; path = WritingSentenceVC.swift; sourceTree = "<group>"; };
/* End PBXFileReference section */

/* Begin PBXFrameworksBuildPhase section */
		7F6ABEAB24ADE7700040746E /* Frameworks */ = {
			isa = PBXFrameworksBuildPhase;
			buildActionMask = 2147483647;
			files = (
				54DC5A9A745CCB208BCCAF82 /* Pods_Mongle.framework in Frameworks */,
			);
			runOnlyForDeploymentPostprocessing = 0;
		};
/* End PBXFrameworksBuildPhase section */

/* Begin PBXGroup section */
		5317C3E85693BAF9C1F6A3CA /* Frameworks */ = {
			isa = PBXGroup;
			children = (
				0E307DC40215BE008F7EB0E1 /* Pods_Mongle.framework */,
			);
			name = Frameworks;
			sourceTree = "<group>";
		};
		7F1E719E24B4768D00D79516 /* Views */ = {
			isa = PBXGroup;
			children = (
				7F1E719F24B476C900D79516 /* MainMongleHeaderView.swift */,
				7F1E71A124B4A40B00D79516 /* MainTabDefaultHeaderView.swift */,
			);
			path = Views;
			sourceTree = "<group>";
		};
		7F6ABEA524ADE7700040746E = {
			isa = PBXGroup;
			children = (
				7F6ABEB024ADE7700040746E /* Mongle */,
				7F6ABEAF24ADE7700040746E /* Products */,
				926DF08E8FB83D8573256DC2 /* Pods */,
				5317C3E85693BAF9C1F6A3CA /* Frameworks */,
			);
			sourceTree = "<group>";
		};
		7F6ABEAF24ADE7700040746E /* Products */ = {
			isa = PBXGroup;
			children = (
				7F6ABEAE24ADE7700040746E /* Mongle.app */,
			);
			name = Products;
			sourceTree = "<group>";
		};
		7F6ABEB024ADE7700040746E /* Mongle */ = {
			isa = PBXGroup;
			children = (
				7F6ABEC524ADE7C10040746E /* Resource */,
				7F6ABEC624ADE7C90040746E /* Source */,
				7F6ABEB124ADE7700040746E /* AppDelegate.swift */,
				7F6ABEB324ADE7700040746E /* SceneDelegate.swift */,
				7F6ABEBF24ADE7720040746E /* Info.plist */,
			);
			path = Mongle;
			sourceTree = "<group>";
		};
		7F6ABEC524ADE7C10040746E /* Resource */ = {
			isa = PBXGroup;
			children = (
				7F6ABEC924ADE8490040746E /* Xibs */,
				7F6ABEC824ADE8390040746E /* APIService */,
				7F6ABEC724ADE7F30040746E /* Storyboard */,
				7F6ABEBA24ADE7720040746E /* Assets.xcassets */,
				7F6ABED624ADEB730040746E /* UserDefaultKeys.swift */,
			);
			path = Resource;
			sourceTree = "<group>";
		};
		7F6ABEC624ADE7C90040746E /* Source */ = {
			isa = PBXGroup;
			children = (
				7F1E719E24B4768D00D79516 /* Views */,
				7F6ABECD24ADE8670040746E /* VCs */,
				7F6ABECC24ADE8610040746E /* Cell */,
				7F6ABECB24ADE85A0040746E /* Extensions */,
				7F6ABECA24ADE8500040746E /* Model */,
			);
			path = Source;
			sourceTree = "<group>";
		};
		7F6ABEC724ADE7F30040746E /* Storyboard */ = {
			isa = PBXGroup;
			children = (
				7F1E71A324B504CE00D79516 /* MainTabMain.storyboard */,
				7F6ABEBC24ADE7720040746E /* LaunchScreen.storyboard */,
				EC8E323224AF1B1A001AB034 /* Writing_Theme.storyboard */,
				B8F4DDE924AF22190075FDC1 /* SearchTabMain.storyboard */,
				EC7C78ED24B2F2A800B7FCFB /* UnderTab.storyboard */,
				ECEF22B924B4A3B200933534 /* WritingSentence.storyboard */,
				B8AB121824B46C7400B60240 /* CuratorList.storyboard */,
				ECA23EDD24B5F58D00C100F1 /* WritingSentenceSecond.storyboard */,
				EC86B49524B7169200DB930A /* SearchBookForWriting.storyboard */,
				7F1E71A724B7A72400D79516 /* ThemeInfo.storyboard */,
				7F7C096C24B9C776007C7C52 /* SentenceInfo.storyboard */,
				EC88960524B869E9008D29E2 /* WritingSentenceThird.storyboard */,
				EC88960B24B87F3D008D29E2 /* ThemeSelectForWriteSentence.storyboard */,
				7F7C097224BAF714007C7C52 /* SentenceEdit.storyboard */,
				EC7410B324BA03E800CBAF1C /* EndOfWritingSentence.storyboard */,
			);
			path = Storyboard;
			sourceTree = "<group>";
		};
		7F6ABEC824ADE8390040746E /* APIService */ = {
			isa = PBXGroup;
			children = (
				7F6ABED824ADEC9E0040746E /* APIConstants.swift */,
				7F6ABEDC24ADF3B20040746E /* NetworkResult.swift */,
			);
			path = APIService;
			sourceTree = "<group>";
		};
		7F6ABEC924ADE8490040746E /* Xibs */ = {
			isa = PBXGroup;
			children = (
			);
			path = Xibs;
			sourceTree = "<group>";
		};
		7F6ABECA24ADE8500040746E /* Model */ = {
			isa = PBXGroup;
			children = (
				7F6ABEDA24ADED910040746E /* GenericResponse.swift */,
			);
			path = Model;
			sourceTree = "<group>";
		};
		7F6ABECB24ADE85A0040746E /* Extensions */ = {
			isa = PBXGroup;
			children = (
				7F6ABECE24ADE8F80040746E /* UIColor+Extensions.swift */,
				7F6ABED024ADE9860040746E /* UIView+Extensions.swift */,
				7F6ABED224ADE9D60040746E /* UIViewController+Extensions.swift */,
				7F6ABED424ADE9FC0040746E /* UIImageView+Extensions.swift */,
				EC86B49924B7646600DB930A /* UITextField+Extensions.swift */,
			);
			path = Extensions;
			sourceTree = "<group>";
		};
		7F6ABECC24ADE8610040746E /* Cell */ = {
			isa = PBXGroup;
			children = (
				B8F4DDF724B210000075FDC1 /* RecentSearchCVC.swift */,
				7FCEE21A24B3091C00225CA3 /* MainTabFirstTVC.swift */,
				B86D4C4124B2C14200C21906 /* RecommendSearchCVC.swift */,
				7FCEE21C24B355FC00225CA3 /* MainPictureCVC.swift */,
				7F1E719424B4476E00D79516 /* MainTodaySentenceCVC.swift */,
				7F1E719A24B463A400D79516 /* MainTabFourthTVC.swift */,
				7FCEE21E24B363CF00225CA3 /* MainTabSecondTVC.swift */,
				7F1E719624B4553F00D79516 /* MainTabThirdTVC.swift */,
				7F1E719824B45AB600D79516 /* MainPopularCuratorCVC.swift */,
				7F1E719C24B46E3C00D79516 /* MainPopularThemaCVC.swift */,
				B8AB121E24B475A100B60240 /* CuratorListCVC.swift */,
				EC88960324B83D4D008D29E2 /* SearchedBookTVC.swift */,
				7F1E71AB24B7BC6900D79516 /* SentenceInThemeTVC.swift */,
				7F7C097024BA2EE7007C7C52 /* SentenceInfoTVC.swift */,
				EC88961124B88AE4008D29E2 /* ThemeSelectForSentenceCVC.swift */,
			);
			path = Cell;
			sourceTree = "<group>";
		};
		7F6ABECD24ADE8670040746E /* VCs */ = {
			isa = PBXGroup;
			children = (
				7F767D7624B211D100ADF46D /* WritingThemeVC.swift */,
				B8F4DDF524B20FD00075FDC1 /* SearchTabMainVC.swift */,
				7FCEE21824B3078E00225CA3 /* MainTabMainVC.swift */,
				ECEF22BB24B4A3DF00933534 /* WritingSentenceVC.swift */,
				B8AB121A24B46CC100B60240 /* CuratorListVC.swift */,
				ECA23EDF24B5F5F100C100F1 /* WritingSentenceSecondVC.swift */,
				EC7C78EF24B2F2DE00B7FCFB /* UnderTabBarController.swift */,
				EC86B49724B716BB00DB930A /* SearchBookForWritingVC.swift */,
				7F1E71A924B7BADB00D79516 /* ThemeInfoVC.swift */,
				7F7C096E24BA2910007C7C52 /* SentenceInfoVC.swift */,
				EC88960924B86AE8008D29E2 /* ThirdViewOfWritingSentenceVC.swift */,
				EC88960D24B87F66008D29E2 /* ThemeSelectForWritingSentenceVC.swift */,
				EC7410B524BA040300CBAF1C /* EndOfWritingSentenceVC.swift */,
				7F7C097424BAFAAE007C7C52 /* SentenceEditVC.swift */,
			);
			path = VCs;
			sourceTree = "<group>";
		};
		926DF08E8FB83D8573256DC2 /* Pods */ = {
			isa = PBXGroup;
			children = (
				D8DC844C59312BAF341597F1 /* Pods-Mongle.debug.xcconfig */,
				7F27ED38D43F3B60FE12A5BC /* Pods-Mongle.release.xcconfig */,
			);
			path = Pods;
			sourceTree = "<group>";
		};
/* End PBXGroup section */

/* Begin PBXNativeTarget section */
		7F6ABEAD24ADE7700040746E /* Mongle */ = {
			isa = PBXNativeTarget;
			buildConfigurationList = 7F6ABEC224ADE7720040746E /* Build configuration list for PBXNativeTarget "Mongle" */;
			buildPhases = (
				11332B43F3E078B851BAC7EE /* [CP] Check Pods Manifest.lock */,
				7F6ABEAA24ADE7700040746E /* Sources */,
				7F6ABEAB24ADE7700040746E /* Frameworks */,
				7F6ABEAC24ADE7700040746E /* Resources */,
				1CE0ED470DC931B66665877B /* [CP] Embed Pods Frameworks */,
			);
			buildRules = (
			);
			dependencies = (
			);
			name = Mongle;
			productName = Mongle;
			productReference = 7F6ABEAE24ADE7700040746E /* Mongle.app */;
			productType = "com.apple.product-type.application";
		};
/* End PBXNativeTarget section */

/* Begin PBXProject section */
		7F6ABEA624ADE7700040746E /* Project object */ = {
			isa = PBXProject;
			attributes = {
				LastSwiftUpdateCheck = 1150;
				LastUpgradeCheck = 1150;
				ORGANIZATIONNAME = "이주혁";
				TargetAttributes = {
					7F6ABEAD24ADE7700040746E = {
						CreatedOnToolsVersion = 11.5;
					};
				};
			};
			buildConfigurationList = 7F6ABEA924ADE7700040746E /* Build configuration list for PBXProject "Mongle" */;
			compatibilityVersion = "Xcode 9.3";
			developmentRegion = en;
			hasScannedForEncodings = 0;
			knownRegions = (
				en,
				Base,
			);
			mainGroup = 7F6ABEA524ADE7700040746E;
			productRefGroup = 7F6ABEAF24ADE7700040746E /* Products */;
			projectDirPath = "";
			projectRoot = "";
			targets = (
				7F6ABEAD24ADE7700040746E /* Mongle */,
			);
		};
/* End PBXProject section */

/* Begin PBXResourcesBuildPhase section */
		7F6ABEAC24ADE7700040746E /* Resources */ = {
			isa = PBXResourcesBuildPhase;
			buildActionMask = 2147483647;
			files = (
				B8AB121924B46C7400B60240 /* CuratorList.storyboard in Resources */,
				7F6ABEBE24ADE7720040746E /* LaunchScreen.storyboard in Resources */,
				EC7C78EE24B2F2A800B7FCFB /* UnderTab.storyboard in Resources */,
				EC7410B424BA03E800CBAF1C /* EndOfWritingSentence.storyboard in Resources */,
				ECA23EDE24B5F58D00C100F1 /* WritingSentenceSecond.storyboard in Resources */,
				EC8E323324AF1B1A001AB034 /* Writing_Theme.storyboard in Resources */,
				EC88960C24B87F3D008D29E2 /* ThemeSelectForWriteSentence.storyboard in Resources */,
				B8F4DDEA24AF22190075FDC1 /* SearchTabMain.storyboard in Resources */,
				7F1E71A824B7A72400D79516 /* ThemeInfo.storyboard in Resources */,
				7F7C097324BAF714007C7C52 /* SentenceEdit.storyboard in Resources */,
				7F1E71A424B504CF00D79516 /* MainTabMain.storyboard in Resources */,
				7F6ABEBB24ADE7720040746E /* Assets.xcassets in Resources */,
				EC86B49624B7169200DB930A /* SearchBookForWriting.storyboard in Resources */,
				EC88960624B869E9008D29E2 /* WritingSentenceThird.storyboard in Resources */,
				ECEF22BA24B4A3B200933534 /* WritingSentence.storyboard in Resources */,
				7F7C096D24B9C776007C7C52 /* SentenceInfo.storyboard in Resources */,
			);
			runOnlyForDeploymentPostprocessing = 0;
		};
/* End PBXResourcesBuildPhase section */

/* Begin PBXShellScriptBuildPhase section */
		11332B43F3E078B851BAC7EE /* [CP] Check Pods Manifest.lock */ = {
			isa = PBXShellScriptBuildPhase;
			buildActionMask = 2147483647;
			files = (
			);
			inputFileListPaths = (
			);
			inputPaths = (
				"${PODS_PODFILE_DIR_PATH}/Podfile.lock",
				"${PODS_ROOT}/Manifest.lock",
			);
			name = "[CP] Check Pods Manifest.lock";
			outputFileListPaths = (
			);
			outputPaths = (
				"$(DERIVED_FILE_DIR)/Pods-Mongle-checkManifestLockResult.txt",
			);
			runOnlyForDeploymentPostprocessing = 0;
			shellPath = /bin/sh;
			shellScript = "diff \"${PODS_PODFILE_DIR_PATH}/Podfile.lock\" \"${PODS_ROOT}/Manifest.lock\" > /dev/null\nif [ $? != 0 ] ; then\n    # print error to STDERR\n    echo \"error: The sandbox is not in sync with the Podfile.lock. Run 'pod install' or update your CocoaPods installation.\" >&2\n    exit 1\nfi\n# This output is used by Xcode 'outputs' to avoid re-running this script phase.\necho \"SUCCESS\" > \"${SCRIPT_OUTPUT_FILE_0}\"\n";
			showEnvVarsInLog = 0;
		};
		1CE0ED470DC931B66665877B /* [CP] Embed Pods Frameworks */ = {
			isa = PBXShellScriptBuildPhase;
			buildActionMask = 2147483647;
			files = (
			);
			inputFileListPaths = (
				"${PODS_ROOT}/Target Support Files/Pods-Mongle/Pods-Mongle-frameworks-${CONFIGURATION}-input-files.xcfilelist",
			);
			name = "[CP] Embed Pods Frameworks";
			outputFileListPaths = (
				"${PODS_ROOT}/Target Support Files/Pods-Mongle/Pods-Mongle-frameworks-${CONFIGURATION}-output-files.xcfilelist",
			);
			runOnlyForDeploymentPostprocessing = 0;
			shellPath = /bin/sh;
			shellScript = "\"${PODS_ROOT}/Target Support Files/Pods-Mongle/Pods-Mongle-frameworks.sh\"\n";
			showEnvVarsInLog = 0;
		};
/* End PBXShellScriptBuildPhase section */

/* Begin PBXSourcesBuildPhase section */
		7F6ABEAA24ADE7700040746E /* Sources */ = {
			isa = PBXSourcesBuildPhase;
			buildActionMask = 2147483647;
			files = (
				EC86B49A24B7646600DB930A /* UITextField+Extensions.swift in Sources */,
				7F1E719B24B463A400D79516 /* MainTabFourthTVC.swift in Sources */,
				7F6ABEDB24ADED910040746E /* GenericResponse.swift in Sources */,
				7F6ABED724ADEB730040746E /* UserDefaultKeys.swift in Sources */,
				7F7C097124BA2EE7007C7C52 /* SentenceInfoTVC.swift in Sources */,
				7F1E719924B45AB600D79516 /* MainPopularCuratorCVC.swift in Sources */,
				EC88961224B88AE4008D29E2 /* ThemeSelectForSentenceCVC.swift in Sources */,
				7F7C097524BAFAAE007C7C52 /* SentenceEditVC.swift in Sources */,
				7F6ABEDD24ADF3B20040746E /* NetworkResult.swift in Sources */,
				EC7410B624BA040300CBAF1C /* EndOfWritingSentenceVC.swift in Sources */,
				B8AB121B24B46CC100B60240 /* CuratorListVC.swift in Sources */,
				EC88960424B83D4D008D29E2 /* SearchedBookTVC.swift in Sources */,
				7F6ABED524ADE9FC0040746E /* UIImageView+Extensions.swift in Sources */,
				7F1E71AA24B7BADB00D79516 /* ThemeInfoVC.swift in Sources */,
				ECEF22BC24B4A3DF00933534 /* WritingSentenceVC.swift in Sources */,
				7F767D7724B211D100ADF46D /* WritingThemeVC.swift in Sources */,
				7FCEE21D24B355FC00225CA3 /* MainPictureCVC.swift in Sources */,
				7F1E719D24B46E3C00D79516 /* MainPopularThemaCVC.swift in Sources */,
				EC88960A24B86AE8008D29E2 /* ThirdViewOfWritingSentenceVC.swift in Sources */,
				7F1E71A224B4A40B00D79516 /* MainTabDefaultHeaderView.swift in Sources */,
				7FCEE21F24B363CF00225CA3 /* MainTabSecondTVC.swift in Sources */,
				7FCEE21B24B3091C00225CA3 /* MainTabFirstTVC.swift in Sources */,
				7F7C096F24BA2910007C7C52 /* SentenceInfoVC.swift in Sources */,
				EC88960E24B87F66008D29E2 /* ThemeSelectForWritingSentenceVC.swift in Sources */,
				7F6ABEB224ADE7700040746E /* AppDelegate.swift in Sources */,
				EC86B49824B716BB00DB930A /* SearchBookForWritingVC.swift in Sources */,
				7FCEE21924B3078E00225CA3 /* MainTabMainVC.swift in Sources */,
				7F6ABED124ADE9860040746E /* UIView+Extensions.swift in Sources */,
				B86D4C4224B2C14200C21906 /* RecommendSearchCVC.swift in Sources */,
				7F1E719724B4553F00D79516 /* MainTabThirdTVC.swift in Sources */,
				7F1E71A024B476C900D79516 /* MainMongleHeaderView.swift in Sources */,
				7F1E719524B4476E00D79516 /* MainTodaySentenceCVC.swift in Sources */,
				7F6ABED924ADEC9E0040746E /* APIConstants.swift in Sources */,
				B8F4DDF624B20FD00075FDC1 /* SearchTabMainVC.swift in Sources */,
				ECA23EE024B5F5F100C100F1 /* WritingSentenceSecondVC.swift in Sources */,
				7F6ABEB424ADE7700040746E /* SceneDelegate.swift in Sources */,
				EC7C78F024B2F2DE00B7FCFB /* UnderTabBarController.swift in Sources */,
				7F6ABED324ADE9D60040746E /* UIViewController+Extensions.swift in Sources */,
				7F6ABECF24ADE8F80040746E /* UIColor+Extensions.swift in Sources */,
				B8F4DDF824B210000075FDC1 /* RecentSearchCVC.swift in Sources */,
				B8AB121F24B475A100B60240 /* CuratorListCVC.swift in Sources */,
				7F1E71AC24B7BC6900D79516 /* SentenceInThemeTVC.swift in Sources */,
			);
			runOnlyForDeploymentPostprocessing = 0;
		};
/* End PBXSourcesBuildPhase section */

/* Begin PBXVariantGroup section */
		7F6ABEBC24ADE7720040746E /* LaunchScreen.storyboard */ = {
			isa = PBXVariantGroup;
			children = (
				7F6ABEBD24ADE7720040746E /* Base */,
			);
			name = LaunchScreen.storyboard;
			sourceTree = "<group>";
		};
/* End PBXVariantGroup section */

/* Begin XCBuildConfiguration section */
		7F6ABEC024ADE7720040746E /* Debug */ = {
			isa = XCBuildConfiguration;
			buildSettings = {
				ALWAYS_SEARCH_USER_PATHS = NO;
				CLANG_ANALYZER_NONNULL = YES;
				CLANG_ANALYZER_NUMBER_OBJECT_CONVERSION = YES_AGGRESSIVE;
				CLANG_CXX_LANGUAGE_STANDARD = "gnu++14";
				CLANG_CXX_LIBRARY = "libc++";
				CLANG_ENABLE_MODULES = YES;
				CLANG_ENABLE_OBJC_ARC = YES;
				CLANG_ENABLE_OBJC_WEAK = YES;
				CLANG_WARN_BLOCK_CAPTURE_AUTORELEASING = YES;
				CLANG_WARN_BOOL_CONVERSION = YES;
				CLANG_WARN_COMMA = YES;
				CLANG_WARN_CONSTANT_CONVERSION = YES;
				CLANG_WARN_DEPRECATED_OBJC_IMPLEMENTATIONS = YES;
				CLANG_WARN_DIRECT_OBJC_ISA_USAGE = YES_ERROR;
				CLANG_WARN_DOCUMENTATION_COMMENTS = YES;
				CLANG_WARN_EMPTY_BODY = YES;
				CLANG_WARN_ENUM_CONVERSION = YES;
				CLANG_WARN_INFINITE_RECURSION = YES;
				CLANG_WARN_INT_CONVERSION = YES;
				CLANG_WARN_NON_LITERAL_NULL_CONVERSION = YES;
				CLANG_WARN_OBJC_IMPLICIT_RETAIN_SELF = YES;
				CLANG_WARN_OBJC_LITERAL_CONVERSION = YES;
				CLANG_WARN_OBJC_ROOT_CLASS = YES_ERROR;
				CLANG_WARN_RANGE_LOOP_ANALYSIS = YES;
				CLANG_WARN_STRICT_PROTOTYPES = YES;
				CLANG_WARN_SUSPICIOUS_MOVE = YES;
				CLANG_WARN_UNGUARDED_AVAILABILITY = YES_AGGRESSIVE;
				CLANG_WARN_UNREACHABLE_CODE = YES;
				CLANG_WARN__DUPLICATE_METHOD_MATCH = YES;
				COPY_PHASE_STRIP = NO;
				DEBUG_INFORMATION_FORMAT = dwarf;
				ENABLE_STRICT_OBJC_MSGSEND = YES;
				ENABLE_TESTABILITY = YES;
				GCC_C_LANGUAGE_STANDARD = gnu11;
				GCC_DYNAMIC_NO_PIC = NO;
				GCC_NO_COMMON_BLOCKS = YES;
				GCC_OPTIMIZATION_LEVEL = 0;
				GCC_PREPROCESSOR_DEFINITIONS = (
					"DEBUG=1",
					"$(inherited)",
				);
				GCC_WARN_64_TO_32_BIT_CONVERSION = YES;
				GCC_WARN_ABOUT_RETURN_TYPE = YES_ERROR;
				GCC_WARN_UNDECLARED_SELECTOR = YES;
				GCC_WARN_UNINITIALIZED_AUTOS = YES_AGGRESSIVE;
				GCC_WARN_UNUSED_FUNCTION = YES;
				GCC_WARN_UNUSED_VARIABLE = YES;
				IPHONEOS_DEPLOYMENT_TARGET = 13.5;
				MTL_ENABLE_DEBUG_INFO = INCLUDE_SOURCE;
				MTL_FAST_MATH = YES;
				ONLY_ACTIVE_ARCH = YES;
				SDKROOT = iphoneos;
				SWIFT_ACTIVE_COMPILATION_CONDITIONS = DEBUG;
				SWIFT_OPTIMIZATION_LEVEL = "-Onone";
			};
			name = Debug;
		};
		7F6ABEC124ADE7720040746E /* Release */ = {
			isa = XCBuildConfiguration;
			buildSettings = {
				ALWAYS_SEARCH_USER_PATHS = NO;
				CLANG_ANALYZER_NONNULL = YES;
				CLANG_ANALYZER_NUMBER_OBJECT_CONVERSION = YES_AGGRESSIVE;
				CLANG_CXX_LANGUAGE_STANDARD = "gnu++14";
				CLANG_CXX_LIBRARY = "libc++";
				CLANG_ENABLE_MODULES = YES;
				CLANG_ENABLE_OBJC_ARC = YES;
				CLANG_ENABLE_OBJC_WEAK = YES;
				CLANG_WARN_BLOCK_CAPTURE_AUTORELEASING = YES;
				CLANG_WARN_BOOL_CONVERSION = YES;
				CLANG_WARN_COMMA = YES;
				CLANG_WARN_CONSTANT_CONVERSION = YES;
				CLANG_WARN_DEPRECATED_OBJC_IMPLEMENTATIONS = YES;
				CLANG_WARN_DIRECT_OBJC_ISA_USAGE = YES_ERROR;
				CLANG_WARN_DOCUMENTATION_COMMENTS = YES;
				CLANG_WARN_EMPTY_BODY = YES;
				CLANG_WARN_ENUM_CONVERSION = YES;
				CLANG_WARN_INFINITE_RECURSION = YES;
				CLANG_WARN_INT_CONVERSION = YES;
				CLANG_WARN_NON_LITERAL_NULL_CONVERSION = YES;
				CLANG_WARN_OBJC_IMPLICIT_RETAIN_SELF = YES;
				CLANG_WARN_OBJC_LITERAL_CONVERSION = YES;
				CLANG_WARN_OBJC_ROOT_CLASS = YES_ERROR;
				CLANG_WARN_RANGE_LOOP_ANALYSIS = YES;
				CLANG_WARN_STRICT_PROTOTYPES = YES;
				CLANG_WARN_SUSPICIOUS_MOVE = YES;
				CLANG_WARN_UNGUARDED_AVAILABILITY = YES_AGGRESSIVE;
				CLANG_WARN_UNREACHABLE_CODE = YES;
				CLANG_WARN__DUPLICATE_METHOD_MATCH = YES;
				COPY_PHASE_STRIP = NO;
				DEBUG_INFORMATION_FORMAT = "dwarf-with-dsym";
				ENABLE_NS_ASSERTIONS = NO;
				ENABLE_STRICT_OBJC_MSGSEND = YES;
				GCC_C_LANGUAGE_STANDARD = gnu11;
				GCC_NO_COMMON_BLOCKS = YES;
				GCC_WARN_64_TO_32_BIT_CONVERSION = YES;
				GCC_WARN_ABOUT_RETURN_TYPE = YES_ERROR;
				GCC_WARN_UNDECLARED_SELECTOR = YES;
				GCC_WARN_UNINITIALIZED_AUTOS = YES_AGGRESSIVE;
				GCC_WARN_UNUSED_FUNCTION = YES;
				GCC_WARN_UNUSED_VARIABLE = YES;
				IPHONEOS_DEPLOYMENT_TARGET = 13.5;
				MTL_ENABLE_DEBUG_INFO = NO;
				MTL_FAST_MATH = YES;
				SDKROOT = iphoneos;
				SWIFT_COMPILATION_MODE = wholemodule;
				SWIFT_OPTIMIZATION_LEVEL = "-O";
				VALIDATE_PRODUCT = YES;
			};
			name = Release;
		};
		7F6ABEC324ADE7720040746E /* Debug */ = {
			isa = XCBuildConfiguration;
			baseConfigurationReference = D8DC844C59312BAF341597F1 /* Pods-Mongle.debug.xcconfig */;
			buildSettings = {
				ASSETCATALOG_COMPILER_APPICON_NAME = AppIcon;
				CODE_SIGN_STYLE = Automatic;
				DEVELOPMENT_TEAM = HAWSBW2KW5;
				INFOPLIST_FILE = Mongle/Info.plist;
				LD_RUNPATH_SEARCH_PATHS = (
					"$(inherited)",
					"@executable_path/Frameworks",
				);
				PRODUCT_BUNDLE_IDENTIFIER = io.github.juhyeoklee.Mongle;
				PRODUCT_NAME = "$(TARGET_NAME)";
				SWIFT_VERSION = 5.0;
				TARGETED_DEVICE_FAMILY = "1,2";
			};
			name = Debug;
		};
		7F6ABEC424ADE7720040746E /* Release */ = {
			isa = XCBuildConfiguration;
			baseConfigurationReference = 7F27ED38D43F3B60FE12A5BC /* Pods-Mongle.release.xcconfig */;
			buildSettings = {
				ASSETCATALOG_COMPILER_APPICON_NAME = AppIcon;
				CODE_SIGN_STYLE = Automatic;
				DEVELOPMENT_TEAM = HAWSBW2KW5;
				INFOPLIST_FILE = Mongle/Info.plist;
				LD_RUNPATH_SEARCH_PATHS = (
					"$(inherited)",
					"@executable_path/Frameworks",
				);
				PRODUCT_BUNDLE_IDENTIFIER = io.github.juhyeoklee.Mongle;
				PRODUCT_NAME = "$(TARGET_NAME)";
				SWIFT_VERSION = 5.0;
				TARGETED_DEVICE_FAMILY = "1,2";
			};
			name = Release;
		};
/* End XCBuildConfiguration section */

/* Begin XCConfigurationList section */
		7F6ABEA924ADE7700040746E /* Build configuration list for PBXProject "Mongle" */ = {
			isa = XCConfigurationList;
			buildConfigurations = (
				7F6ABEC024ADE7720040746E /* Debug */,
				7F6ABEC124ADE7720040746E /* Release */,
			);
			defaultConfigurationIsVisible = 0;
			defaultConfigurationName = Release;
		};
		7F6ABEC224ADE7720040746E /* Build configuration list for PBXNativeTarget "Mongle" */ = {
			isa = XCConfigurationList;
			buildConfigurations = (
				7F6ABEC324ADE7720040746E /* Debug */,
				7F6ABEC424ADE7720040746E /* Release */,
			);
			defaultConfigurationIsVisible = 0;
			defaultConfigurationName = Release;
		};
/* End XCConfigurationList section */
	};
	rootObject = 7F6ABEA624ADE7700040746E /* Project object */;
}
